
Microsoft Visual Studio Solution File, Format Version 12.00
# Visual Studio Version 16
VisualStudioVersion = 16.0.30011.22
MinimumVisualStudioVersion = 10.0.40219.1
Project("{FAE04EC0-301F-11D3-BF4B-00C04F79EFBC}") = "ApiRestGrupo4.ApiGrupo4", "ApiRestGrupo4.ApiGrupo4\ApiRestGrupo4.ApiGrupo4.csproj", "{0A1F6C25-1708-499A-A45F-E79A349FD69B}"
EndProject
Global
	GlobalSection(SolutionConfigurationPlatforms) = preSolution
		Debug|Any CPU = Debug|Any CPU
		Release|Any CPU = Release|Any CPU
	EndGlobalSection
	GlobalSection(ProjectConfigurationPlatforms) = postSolution
		{0A1F6C25-1708-499A-A45F-E79A349FD69B}.Debug|Any CPU.ActiveCfg = Debug|Any CPU
		{0A1F6C25-1708-499A-A45F-E79A349FD69B}.Debug|Any CPU.Build.0 = Debug|Any CPU
		{0A1F6C25-1708-499A-A45F-E79A349FD69B}.Release|Any CPU.ActiveCfg = Release|Any CPU
		{0A1F6C25-1708-499A-A45F-E79A349FD69B}.Release|Any CPU.Build.0 = Release|Any CPU
	EndGlobalSection
	GlobalSection(SolutionProperties) = preSolution
		HideSolutionNode = FALSE
	EndGlobalSection
	GlobalSection(ExtensibilityGlobals) = postSolution
		SolutionGuid = {5EB70332-ABD2-4B73-8D72-E2345470195C}
	EndGlobalSection
EndGlobal
